<?xml version="1.0" encoding="utf-8"?>
<Project ToolsVersion="4.0" xmlns="http://schemas.microsoft.com/developer/msbuild/2003">
  <ItemGroup>
    <Filter Include="Source Files">
      <UniqueIdentifier>{4FC737F1-C7A5-4376-A066-2A32D752A2FF}</UniqueIdentifier>
      <Extensions>cpp;c;cc;cxx;def;odl;idl;hpj;bat;asm;asmx</Extensions>
    </Filter>
    <Filter Include="Header Files">
      <UniqueIdentifier>{93995380-89BD-4b04-88EB-625FBE52EBFB}</UniqueIdentifier>
      <Extensions>h;hh;hpp;hxx;hm;inl;inc;ipp;xsd</Extensions>
    </Filter>
    <Filter Include="Resource Files">
      <UniqueIdentifier>{67DA6AB6-F800-4c08-8B7A-83BB121AAD01}</UniqueIdentifier>
      <Extensions>rc;ico;cur;bmp;dlg;rc2;rct;bin;rgs;gif;jpg;jpeg;jpe;resx;tiff;tif;png;wav;mfcribbon-ms</Extensions>
    </Filter>
  </ItemGroup>
  <ItemGroup>
    <ClCompile Include="Control.cpp">
      <Filter>Source Files</Filter>
    </ClCompile>
    <ClCompile Include="ManagedWindow.cpp">
      <Filter>Source Files</Filter>
    </ClCompile>
    <ClCompile Include="MouseClickEvent.cpp">
      <Filter>Source Files</Filter>
    </ClCompile>
    <ClCompile Include="Player.cpp">
      <Filter>Source Files</Filter>
    </ClCompile>
    <ClCompile Include="PositionUtils.cpp">
      <Filter>Source Files</Filter>
    </ClCompile>
    <ClCompile Include="SpriteObject.cpp">
      <Filter>Source Files</Filter>
    </ClCompile>
    <ClCompile Include="AbsoluteGrid.cpp">
      <Filter>Source Files</Filter>
    </ClCompile>
    <ClCompile Include="Game.cpp">
      <Filter>Source Files</Filter>
    </ClCompile>
    <ClCompile Include="main_legacy.cpp">
      <Filter>Source Files</Filter>
    </ClCompile>
    <ClCompile Include="main.cpp">
      <Filter>Source Files</Filter>
    </ClCompile>
    <ClCompile Include="BackgroundAbsoluteGrid.cpp">
      <Filter>Source Files</Filter>
    </ClCompile>
    <ClCompile Include="Focusable.cpp">
      <Filter>Source Files</Filter>
    </ClCompile>
    <ClCompile Include="AbsoluteComponent.cpp">
      <Filter>Source Files</Filter>
    </ClCompile>
    <ClCompile Include="Button.cpp">
      <Filter>Source Files</Filter>
    </ClCompile>
    <ClCompile Include="SpriteUtils.cpp">
      <Filter>Source Files</Filter>
    </ClCompile>
    <ClCompile Include="SoundPack.cpp">
      <Filter>Source Files</Filter>
    </ClCompile>
    <ClCompile Include="AnimationSprite.cpp">
      <Filter>Source Files</Filter>
    </ClCompile>
    <ClCompile Include="Animation.cpp">
      <Filter>Source Files</Filter>
    </ClCompile>
    <ClCompile Include="AnimationSpriteFinishEvent.cpp">
      <Filter>Source Files</Filter>
    </ClCompile>
    <ClCompile Include="ControlDrawEvent.cpp">
      <Filter>Source Files</Filter>
    </ClCompile>
    <ClCompile Include="SpriteFactory.cpp">
      <Filter>Source Files</Filter>
    </ClCompile>
  </ItemGroup>
  <ItemGroup>
    <ClInclude Include="Control.h">
      <Filter>Header Files</Filter>
    </ClInclude>
    <ClInclude Include="ManagedWindow.h">
      <Filter>Header Files</Filter>
    </ClInclude>
    <ClInclude Include="MouseClickEvent.h">
      <Filter>Header Files</Filter>
    </ClInclude>
    <ClInclude Include="Player.h">
      <Filter>Header Files</Filter>
    </ClInclude>
    <ClInclude Include="PositionUtils.h">
      <Filter>Header Files</Filter>
    </ClInclude>
    <ClInclude Include="SpriteObject.h">
      <Filter>Header Files</Filter>
    </ClInclude>
    <ClInclude Include="TickState.h">
      <Filter>Header Files</Filter>
    </ClInclude>
    <ClInclude Include="AbsoluteGrid.h">
      <Filter>Header Files</Filter>
    </ClInclude>
    <ClInclude Include="Game.h">
      <Filter>Header Files</Filter>
    </ClInclude>
    <ClInclude Include="BackgroundAbsoluteGrid.h">
      <Filter>Header Files</Filter>
    </ClInclude>
    <ClInclude Include="Focusable.h">
      <Filter>Header Files</Filter>
    </ClInclude>
    <ClInclude Include="AbsoluteComponent.h">
      <Filter>Header Files</Filter>
    </ClInclude>
    <ClInclude Include="Button.h">
      <Filter>Header Files</Filter>
    </ClInclude>
    <ClInclude Include="SpriteUtils.h">
      <Filter>Header Files</Filter>
    </ClInclude>
    <ClInclude Include="SoundPack.h">
      <Filter>Header Files</Filter>
    </ClInclude>
    <ClInclude Include="EventListener.h">
      <Filter>Header Files</Filter>
    </ClInclude>
    <ClInclude Include="AnimationSprite.h">
      <Filter>Header Files</Filter>
    </ClInclude>
    <ClInclude Include="Animation.h">
      <Filter>Header Files</Filter>
    </ClInclude>
    <ClInclude Include="AnimationSpriteFinishEvent.h">
      <Filter>Header Files</Filter>
    </ClInclude>
    <ClInclude Include="ControlDrawEvent.h">
      <Filter>Header Files</Filter>
    </ClInclude>
    <ClInclude Include="SpriteFactory.h">
      <Filter>Header Files</Filter>
    </ClInclude>
  </ItemGroup>
  <ItemGroup>
    <None Include="packages.config" />
  </ItemGroup>
</Project>